
Microsoft Visual Studio Solution File, Format Version 12.00
# Visual Studio Version 17
VisualStudioVersion = 17.7.34009.444
MinimumVisualStudioVersion = 10.0.40219.1
Project("{FAE04EC0-301F-11D3-BF4B-00C04F79EFBC}") = "Homework_14", "Homework_14.csproj", "{0316028C-3DE5-43F3-B1EE-C1B5D5C90742}"
EndProject
Project("{FAE04EC0-301F-11D3-BF4B-00C04F79EFBC}") = "Model_Library", "Model_Library\Model_Library.csproj", "{C0FEE662-0CD7-419F-8E24-8AF79F61C85D}"
EndProject
Global
	GlobalSection(SolutionConfigurationPlatforms) = preSolution
		Debug|Any CPU = Debug|Any CPU
		Release|Any CPU = Release|Any CPU
	EndGlobalSection
	GlobalSection(ProjectConfigurationPlatforms) = postSolution
		{0316028C-3DE5-43F3-B1EE-C1B5D5C90742}.Debug|Any CPU.ActiveCfg = Debug|Any CPU
		{0316028C-3DE5-43F3-B1EE-C1B5D5C90742}.Debug|Any CPU.Build.0 = Debug|Any CPU
		{0316028C-3DE5-43F3-B1EE-C1B5D5C90742}.Release|Any CPU.ActiveCfg = Release|Any CPU
		{0316028C-3DE5-43F3-B1EE-C1B5D5C90742}.Release|Any CPU.Build.0 = Release|Any CPU
		{C0FEE662-0CD7-419F-8E24-8AF79F61C85D}.Debug|Any CPU.ActiveCfg = Debug|Any CPU
		{C0FEE662-0CD7-419F-8E24-8AF79F61C85D}.Debug|Any CPU.Build.0 = Debug|Any CPU
		{C0FEE662-0CD7-419F-8E24-8AF79F61C85D}.Release|Any CPU.ActiveCfg = Release|Any CPU
		{C0FEE662-0CD7-419F-8E24-8AF79F61C85D}.Release|Any CPU.Build.0 = Release|Any CPU
	EndGlobalSection
	GlobalSection(SolutionProperties) = preSolution
		HideSolutionNode = FALSE
	EndGlobalSection
	GlobalSection(ExtensibilityGlobals) = postSolution
		SolutionGuid = {478443CC-ED02-4EDC-8E3B-1071C78B85A2}
	EndGlobalSection
EndGlobal
